// !$*UTF8*$!
{
	archiveVersion = 1;
	classes = {
	};
	objectVersion = 46;
	objects = {

/* Begin PBXBuildFile section */
		E33E13CE1DEECC0F00C6B831 /* AppDelegate.swift in Sources */ = {isa = PBXBuildFile; fileRef = E33E13CD1DEECC0F00C6B831 /* AppDelegate.swift */; };
		E33E13D01DEECC0F00C6B831 /* ViewController.swift in Sources */ = {isa = PBXBuildFile; fileRef = E33E13CF1DEECC0F00C6B831 /* ViewController.swift */; };
		E33E13D31DEECC0F00C6B831 /* Main.storyboard in Resources */ = {isa = PBXBuildFile; fileRef = E33E13D11DEECC0F00C6B831 /* Main.storyboard */; };
		E33E13D51DEECC0F00C6B831 /* Assets.xcassets in Resources */ = {isa = PBXBuildFile; fileRef = E33E13D41DEECC0F00C6B831 /* Assets.xcassets */; };
		E33E13D81DEECC0F00C6B831 /* LaunchScreen.storyboard in Resources */ = {isa = PBXBuildFile; fileRef = E33E13D61DEECC0F00C6B831 /* LaunchScreen.storyboard */; };
/* End PBXBuildFile section */

/* Begin PBXFileReference section */
		E33E13CA1DEECC0F00C6B831 /* Workshop1.app */ = {isa = PBXFileReference; explicitFileType = wrapper.application; includeInIndex = 0; path = Workshop1.app; sourceTree = BUILT_PRODUCTS_DIR; };
		E33E13CD1DEECC0F00C6B831 /* AppDelegate.swift */ = {isa = PBXFileReference; lastKnownFileType = sourcecode.swift; path = AppDelegate.swift; sourceTree = "<group>"; };
		E33E13CF1DEECC0F00C6B831 /* ViewController.swift */ = {isa = PBXFileReference; lastKnownFileType = sourcecode.swift; path = ViewController.swift; sourceTree = "<group>"; };
		E33E13D21DEECC0F00C6B831 /* Base */ = {isa = PBXFileReference; lastKnownFileType = file.storyboard; name = Base; path = Base.lproj/Main.storyboard; sourceTree = "<group>"; };
		E33E13D41DEECC0F00C6B831 /* Assets.xcassets */ = {isa = PBXFileReference; lastKnownFileType = folder.assetcatalog; path = Assets.xcassets; sourceTree = "<group>"; };
		E33E13D71DEECC0F00C6B831 /* Base */ = {isa = PBXFileReference; lastKnownFileType = file.storyboard; name = Base; path = Base.lproj/LaunchScreen.storyboard; sourceTree = "<group>"; };
		E33E13D91DEECC0F00C6B831 /* Info.plist */ = {isa = PBXFileReference; lastKnownFileType = text.plist.xml; path = Info.plist; sourceTree = "<group>"; };
/* End PBXFileReference section */

/* Begin PBXFrameworksBuildPhase section */
		E33E13C71DEECC0F00C6B831 /* Frameworks */ = {
			isa = PBXFrameworksBuildPhase;
			buildActionMask = 2147483647;
			files = (
			);
			runOnlyForDeploymentPostprocessing = 0;
		};
/* End PBXFrameworksBuildPhase section */

/* Begin PBXGroup section */
		E33E13C11DEECC0F00C6B831 = {
			isa = PBXGroup;
			children = (
				E33E13CC1DEECC0F00C6B831 /* Workshop1 */,
				E33E13CB1DEECC0F00C6B831 /* Products */,
			);
			sourceTree = "<group>";
		};
		E33E13CB1DEECC0F00C6B831 /* Products */ = {
			isa = PBXGroup;
			children = (
				E33E13CA1DEECC0F00C6B831 /* Workshop1.app */,
			);
			name = Products;
			sourceTree = "<group>";
		};
		E33E13CC1DEECC0F00C6B831 /* Workshop1 */ = {
			isa = PBXGroup;
			children = (
				E33E13CD1DEECC0F00C6B831 /* AppDelegate.swift */,
				E33E13CF1DEECC0F00C6B831 /* ViewController.swift */,
				E33E13D11DEECC0F00C6B831 /* Main.storyboard */,
				E33E13D41DEECC0F00C6B831 /* Assets.xcassets */,
				E33E13D61DEECC0F00C6B831 /* LaunchScreen.storyboard */,
				E33E13D91DEECC0F00C6B831 /* Info.plist */,
			);
			path = Workshop1;
			sourceTree = "<group>";
		};
/* End PBXGroup section */

/* Begin PBXNativeTarget section */
		E33E13C91DEECC0F00C6B831 /* Workshop1 */ = {
			isa = PBXNativeTarget;
			buildConfigurationList = E33E13DC1DEECC0F00C6B831 /* Build configuration list for PBXNativeTarget "Workshop1" */;
			buildPhases = (
				E33E13C61DEECC0F00C6B831 /* Sources */,
				E33E13C71DEECC0F00C6B831 /* Frameworks */,
				E33E13C81DEECC0F00C6B831 /* Resources */,
			);
			buildRules = (
			);
			dependencies = (
			);
			name = Workshop1;
			productName = Workshop1;
			productReference = E33E13CA1DEECC0F00C6B831 /* Workshop1.app */;
			productType = "com.apple.product-type.application";
		};
/* End PBXNativeTarget section */

/* Begin PBXProject section */
		E33E13C21DEECC0F00C6B831 /* Project object */ = {
			isa = PBXProject;
			attributes = {
				LastSwiftUpdateCheck = 0820;
				LastUpgradeCheck = 0820;
				ORGANIZATIONNAME = "Kuba Reinhard";
				TargetAttributes = {
					E33E13C91DEECC0F00C6B831 = {
						CreatedOnToolsVersion = 8.2;
						ProvisioningStyle = Automatic;
					};
				};
			};
			buildConfigurationList = E33E13C51DEECC0F00C6B831 /* Build configuration list for PBXProject "Workshop1" */;
			compatibilityVersion = "Xcode 3.2";
			developmentRegion = English;
			hasScannedForEncodings = 0;
			knownRegions = (
				en,
				Base,
			);
			mainGroup = E33E13C11DEECC0F00C6B831;
			productRefGroup = E33E13CB1DEECC0F00C6B831 /* Products */;
			projectDirPath = "";
			projectRoot = "";
			targets = (
				E33E13C91DEECC0F00C6B831 /* Workshop1 */,
			);
		};
/* End PBXProject section */

/* Begin PBXResourcesBuildPhase section */
		E33E13C81DEECC0F00C6B831 /* Resources */ = {
			isa = PBXResourcesBuildPhase;
			buildActionMask = 2147483647;
			files = (
				E33E13D81DEECC0F00C6B831 /* LaunchScreen.storyboard in Resources */,
				E33E13D51DEECC0F00C6B831 /* Assets.xcassets in Resources */,
				E33E13D31DEECC0F00C6B831 /* Main.storyboard in Resources */,
			);
			runOnlyForDeploymentPostprocessing = 0;
		};
/* End PBXResourcesBuildPhase section */

/* Begin PBXSourcesBuildPhase section */
		E33E13C61DEECC0F00C6B831 /* Sources */ = {
			isa = PBXSourcesBuildPhase;
			buildActionMask = 2147483647;
			files = (
				E33E13D01DEECC0F00C6B831 /* ViewController.swift in Sources */,
				E33E13CE1DEECC0F00C6B831 /* AppDelegate.swift in Sources */,
			);
			runOnlyForDeploymentPostprocessing = 0;
		};
/* End PBXSourcesBuildPhase section */

/* Begin PBXVariantGroup section */
		E33E13D11DEECC0F00C6B831 /* Main.storyboard */ = {
			isa = PBXVariantGroup;
			children = (
				E33E13D21DEECC0F00C6B831 /* Base */,
			);
			name = Main.storyboard;
			sourceTree = "<group>";
		};
		E33E13D61DEECC0F00C6B831 /* LaunchScreen.storyboard */ = {
			isa = PBXVariantGroup;
			children = (
				E33E13D71DEECC0F00C6B831 /* Base */,
			);
			name = LaunchScreen.storyboard;
			sourceTree = "<group>";
		};
/* End PBXVariantGroup section */

/* Begin XCBuildConfiguration section */
		E33E13DA1DEECC0F00C6B831 /* Debug */ = {
			isa = XCBuildConfiguration;
			buildSettings = {
				ALWAYS_SEARCH_USER_PATHS = NO;
				CLANG_ANALYZER_NONNULL = YES;
				CLANG_CXX_LANGUAGE_STANDARD = "gnu++0x";
				CLANG_CXX_LIBRARY = "libc++";
				CLANG_ENABLE_MODULES = YES;
				CLANG_ENABLE_OBJC_ARC = YES;
				CLANG_WARN_BOOL_CONVERSION = YES;
				CLANG_WARN_CONSTANT_CONVERSION = YES;
				CLANG_WARN_DIRECT_OBJC_ISA_USAGE = YES_ERROR;
				CLANG_WARN_DOCUMENTATION_COMMENTS = YES;
				CLANG_WARN_EMPTY_BODY = YES;
				CLANG_WARN_ENUM_CONVERSION = YES;
				CLANG_WARN_INFINITE_RECURSION = YES;
				CLANG_WARN_INT_CONVERSION = YES;
				CLANG_WARN_OBJC_ROOT_CLASS = YES_ERROR;
				CLANG_WARN_SUSPICIOUS_MOVE = YES;
				CLANG_WARN_UNREACHABLE_CODE = YES;
				CLANG_WARN__DUPLICATE_METHOD_MATCH = YES;
				"CODE_SIGN_IDENTITY[sdk=iphoneos*]" = "iPhone Developer";
				COPY_PHASE_STRIP = NO;
				DEBUG_INFORMATION_FORMAT = dwarf;
				ENABLE_STRICT_OBJC_MSGSEND = YES;
				ENABLE_TESTABILITY = YES;
				GCC_C_LANGUAGE_STANDARD = gnu99;
				GCC_DYNAMIC_NO_PIC = NO;
				GCC_NO_COMMON_BLOCKS = YES;
				GCC_OPTIMIZATION_LEVEL = 0;
				GCC_PREPROCESSOR_DEFINITIONS = (
					"DEBUG=1",
					"$(inherited)",
				);
				GCC_WARN_64_TO_32_BIT_CONVERSION = YES;
				GCC_WARN_ABOUT_RETURN_TYPE = YES_ERROR;
				GCC_WARN_UNDECLARED_SELECTOR = YES;
				GCC_WARN_UNINITIALIZED_AUTOS = YES_AGGRESSIVE;
				GCC_WARN_UNUSED_FUNCTION = YES;
				GCC_WARN_UNUSED_VARIABLE = YES;
				IPHONEOS_DEPLOYMENT_TARGET = 8.0;
				MTL_ENABLE_DEBUG_INFO = YES;
				ONLY_ACTIVE_ARCH = YES;
				SDKROOT = iphoneos;
				SWIFT_ACTIVE_COMPILATION_CONDITIONS = DEBUG;
				SWIFT_OPTIMIZATION_LEVEL = "-Onone";
				TARGETED_DEVICE_FAMILY = "1,2";
			};
			name = Debug;
		};
		E33E13DB1DEECC0F00C6B831 /* Release */ = {
			isa = XCBuildConfiguration;
			buildSettings = {
				ALWAYS_SEARCH_USER_PATHS = NO;
				CLANG_ANALYZER_NONNULL = YES;
				CLANG_CXX_LANGUAGE_STANDARD = "gnu++0x";
				CLANG_CXX_LIBRARY = "libc++";
				CLANG_ENABLE_MODULES = YES;
				CLANG_ENABLE_OBJC_ARC = YES;
				CLANG_WARN_BOOL_CONVERSION = YES;
				CLANG_WARN_CONSTANT_CONVERSION = YES;
				CLANG_WARN_DIRECT_OBJC_ISA_USAGE = YES_ERROR;
				CLANG_WARN_DOCUMENTATION_COMMENTS = YES;
				CLANG_WARN_EMPTY_BODY = YES;
				CLANG_WARN_ENUM_CONVERSION = YES;
				CLANG_WARN_INFINITE_RECURSION = YES;
				CLANG_WARN_INT_CONVERSION = YES;
				CLANG_WARN_OBJC_ROOT_CLASS = YES_ERROR;
				CLANG_WARN_SUSPICIOUS_MOVE = YES;
				CLANG_WARN_UNREACHABLE_CODE = YES;
				CLANG_WARN__DUPLICATE_METHOD_MATCH = YES;
				"CODE_SIGN_IDENTITY[sdk=iphoneos*]" = "iPhone Developer";
				COPY_PHASE_STRIP = NO;
				DEBUG_INFORMATION_FORMAT = "dwarf-with-dsym";
				ENABLE_NS_ASSERTIONS = NO;
				ENABLE_STRICT_OBJC_MSGSEND = YES;
				GCC_C_LANGUAGE_STANDARD = gnu99;
				GCC_NO_COMMON_BLOCKS = YES;
				GCC_WARN_64_TO_32_BIT_CONVERSION = YES;
				GCC_WARN_ABOUT_RETURN_TYPE = YES_ERROR;
				GCC_WARN_UNDECLARED_SELECTOR = YES;
				GCC_WARN_UNINITIALIZED_AUTOS = YES_AGGRESSIVE;
				GCC_WARN_UNUSED_FUNCTION = YES;
				GCC_WARN_UNUSED_VARIABLE = YES;
				IPHONEOS_DEPLOYMENT_TARGET = 8.0;
				MTL_ENABLE_DEBUG_INFO = NO;
				SDKROOT = iphoneos;
				SWIFT_OPTIMIZATION_LEVEL = "-Owholemodule";
				TARGETED_DEVICE_FAMILY = "1,2";
				VALIDATE_PRODUCT = YES;
			};
			name = Release;
		};
		E33E13DD1DEECC0F00C6B831 /* Debug */ = {
			isa = XCBuildConfiguration;
			buildSettings = {
				ASSETCATALOG_COMPILER_APPICON_NAME = AppIcon;
				INFOPLIST_FILE = Workshop1/Info.plist;
				LD_RUNPATH_SEARCH_PATHS = "$(inherited) @executable_path/Frameworks";
				PRODUCT_BUNDLE_IDENTIFIER = pl.edu.pja.Workshop1;
				PRODUCT_NAME = "$(TARGET_NAME)";
				SWIFT_VERSION = 3.0;
			};
			name = Debug;
		};
		E33E13DE1DEECC0F00C6B831 /* Release */ = {
			isa = XCBuildConfiguration;
			buildSettings = {
				ASSETCATALOG_COMPILER_APPICON_NAME = AppIcon;
				INFOPLIST_FILE = Workshop1/Info.plist;
				LD_RUNPATH_SEARCH_PATHS = "$(inherited) @executable_path/Frameworks";
				PRODUCT_BUNDLE_IDENTIFIER = pl.edu.pja.Workshop1;
				PRODUCT_NAME = "$(TARGET_NAME)";
				SWIFT_VERSION = 3.0;
			};
			name = Release;
		};
/* End XCBuildConfiguration section */

/* Begin XCConfigurationList section */
		E33E13C51DEECC0F00C6B831 /* Build configuration list for PBXProject "Workshop1" */ = {
			isa = XCConfigurationList;
			buildConfigurations = (
				E33E13DA1DEECC0F00C6B831 /* Debug */,
				E33E13DB1DEECC0F00C6B831 /* Release */,
			);
			defaultConfigurationIsVisible = 0;
			defaultConfigurationName = Release;
		};
		E33E13DC1DEECC0F00C6B831 /* Build configuration list for PBXNativeTarget "Workshop1" */ = {
			isa = XCConfigurationList;
			buildConfigurations = (
				E33E13DD1DEECC0F00C6B831 /* Debug */,
				E33E13DE1DEECC0F00C6B831 /* Release */,
			);
			defaultConfigurationIsVisible = 0;
		};
/* End XCConfigurationList section */
	};
	rootObject = E33E13C21DEECC0F00C6B831 /* Project object */;
}
